github.com/nunocoracao/blowfish/v2 v2.43.0 h1:5ZNyvpRjMxsKBxizkacWeX+6hwDkVMgH6E7Bg0j+lic=
github.com/nunocoracao/blowfish/v2 v2.43.0/go.mod h1:4SkMc+Ht8gpQCwArqiHMBDP3soxi2OWuAhVney+cuyk=
github.com/nunocoracao/blowfish/v2 v2.45.0 h1:qjiNRMJyuxPK7/Bqni11vXPnE/yDXO2R9k4ov2KY4BE=
github.com/nunocoracao/blowfish/v2 v2.45.0/go.mod h1:4SkMc+Ht8gpQCwArqiHMBDP3soxi2OWuAhVney+cuyk=
github.com/nunocoracao/blowfish/v2 v2.63.0 h1:GWhA6mMRlSRuBfK8nOn5vVfewGx+tsOwhz7qXWXz41w=
github.com/nunocoracao/blowfish/v2 v2.63.0/go.mod h1:4SkMc+Ht8gpQCwArqiHMBDP3soxi2OWuAhVney+cuyk=
